
Microsoft Visual Studio Solution File, Format Version 11.00
# Visual Studio 2010
Project("{FAE04EC0-301F-11D3-BF4B-00C04F79EFBC}") = "Assembly-CSharp", "Assembly-CSharp.csproj", "{ac97a57c-9e79-812d-e8a0-0ea9a568434e}"
EndProject
Project("{FAE04EC0-301F-11D3-BF4B-00C04F79EFBC}") = "Assembly-CSharp-Editor", "Assembly-CSharp-Editor.csproj", "{e3e30f35-a348-52f6-05df-aa9db89c53b0}"
EndProject
Global
	GlobalSection(SolutionConfigurationPlatforms) = preSolution
		Debug|Any CPU = Debug|Any CPU
	EndGlobalSection
	GlobalSection(ProjectConfigurationPlatforms) = postSolution
		{ac97a57c-9e79-812d-e8a0-0ea9a568434e}.Debug|Any CPU.ActiveCfg = Debug|Any CPU
		{ac97a57c-9e79-812d-e8a0-0ea9a568434e}.Debug|Any CPU.Build.0 = Debug|Any CPU
		{e3e30f35-a348-52f6-05df-aa9db89c53b0}.Debug|Any CPU.ActiveCfg = Debug|Any CPU
		{e3e30f35-a348-52f6-05df-aa9db89c53b0}.Debug|Any CPU.Build.0 = Debug|Any CPU
	EndGlobalSection
	GlobalSection(SolutionProperties) = preSolution
		HideSolutionNode = FALSE
	EndGlobalSection
EndGlobal
